// !$*UTF8*$!
{
	archiveVersion = 1;
	classes = {
	};
	objectVersion = 48;
	objects = {

/* Begin PBXBuildFile section */
		BF6097AD1F874AA500C23BFB /* AppDelegate.swift in Sources */ = {isa = PBXBuildFile; fileRef = BF6097AC1F874AA500C23BFB /* AppDelegate.swift */; };
		BF6097AF1F874AA500C23BFB /* ViewController.swift in Sources */ = {isa = PBXBuildFile; fileRef = BF6097AE1F874AA500C23BFB /* ViewController.swift */; };
		BF6097B21F874AA500C23BFB /* Main.storyboard in Resources */ = {isa = PBXBuildFile; fileRef = BF6097B01F874AA500C23BFB /* Main.storyboard */; };
		BF6097B41F874AA500C23BFB /* Assets.xcassets in Resources */ = {isa = PBXBuildFile; fileRef = BF6097B31F874AA500C23BFB /* Assets.xcassets */; };
		BF6097B71F874AA500C23BFB /* LaunchScreen.storyboard in Resources */ = {isa = PBXBuildFile; fileRef = BF6097B51F874AA500C23BFB /* LaunchScreen.storyboard */; };
		BF6097C21F874AA500C23BFB /* VacantApp2_0Tests.swift in Sources */ = {isa = PBXBuildFile; fileRef = BF6097C11F874AA500C23BFB /* VacantApp2_0Tests.swift */; };
		BF6097CD1F874AA500C23BFB /* VacantApp2_0UITests.swift in Sources */ = {isa = PBXBuildFile; fileRef = BF6097CC1F874AA500C23BFB /* VacantApp2_0UITests.swift */; };
/* End PBXBuildFile section */

/* Begin PBXContainerItemProxy section */
		BF6097BE1F874AA500C23BFB /* PBXContainerItemProxy */ = {
			isa = PBXContainerItemProxy;
			containerPortal = BF6097A11F874AA500C23BFB /* Project object */;
			proxyType = 1;
			remoteGlobalIDString = BF6097A81F874AA500C23BFB;
			remoteInfo = VacantApp2.0;
		};
		BF6097C91F874AA500C23BFB /* PBXContainerItemProxy */ = {
			isa = PBXContainerItemProxy;
			containerPortal = BF6097A11F874AA500C23BFB /* Project object */;
			proxyType = 1;
			remoteGlobalIDString = BF6097A81F874AA500C23BFB;
			remoteInfo = VacantApp2.0;
		};
/* End PBXContainerItemProxy section */

/* Begin PBXFileReference section */
		BF6097A91F874AA500C23BFB /* VacantApp2.0.app */ = {isa = PBXFileReference; explicitFileType = wrapper.application; includeInIndex = 0; path = VacantApp2.0.app; sourceTree = BUILT_PRODUCTS_DIR; };
		BF6097AC1F874AA500C23BFB /* AppDelegate.swift */ = {isa = PBXFileReference; lastKnownFileType = sourcecode.swift; path = AppDelegate.swift; sourceTree = "<group>"; };
		BF6097AE1F874AA500C23BFB /* ViewController.swift */ = {isa = PBXFileReference; lastKnownFileType = sourcecode.swift; path = ViewController.swift; sourceTree = "<group>"; };
		BF6097B11F874AA500C23BFB /* Base */ = {isa = PBXFileReference; lastKnownFileType = file.storyboard; name = Base; path = Base.lproj/Main.storyboard; sourceTree = "<group>"; };
		BF6097B31F874AA500C23BFB /* Assets.xcassets */ = {isa = PBXFileReference; lastKnownFileType = folder.assetcatalog; path = Assets.xcassets; sourceTree = "<group>"; };
		BF6097B61F874AA500C23BFB /* Base */ = {isa = PBXFileReference; lastKnownFileType = file.storyboard; name = Base; path = Base.lproj/LaunchScreen.storyboard; sourceTree = "<group>"; };
		BF6097B81F874AA500C23BFB /* Info.plist */ = {isa = PBXFileReference; lastKnownFileType = text.plist.xml; path = Info.plist; sourceTree = "<group>"; };
		BF6097BD1F874AA500C23BFB /* VacantApp2.0Tests.xctest */ = {isa = PBXFileReference; explicitFileType = wrapper.cfbundle; includeInIndex = 0; path = VacantApp2.0Tests.xctest; sourceTree = BUILT_PRODUCTS_DIR; };
		BF6097C11F874AA500C23BFB /* VacantApp2_0Tests.swift */ = {isa = PBXFileReference; lastKnownFileType = sourcecode.swift; path = VacantApp2_0Tests.swift; sourceTree = "<group>"; };
		BF6097C31F874AA500C23BFB /* Info.plist */ = {isa = PBXFileReference; lastKnownFileType = text.plist.xml; path = Info.plist; sourceTree = "<group>"; };
		BF6097C81F874AA500C23BFB /* VacantApp2.0UITests.xctest */ = {isa = PBXFileReference; explicitFileType = wrapper.cfbundle; includeInIndex = 0; path = VacantApp2.0UITests.xctest; sourceTree = BUILT_PRODUCTS_DIR; };
		BF6097CC1F874AA500C23BFB /* VacantApp2_0UITests.swift */ = {isa = PBXFileReference; lastKnownFileType = sourcecode.swift; path = VacantApp2_0UITests.swift; sourceTree = "<group>"; };
		BF6097CE1F874AA500C23BFB /* Info.plist */ = {isa = PBXFileReference; lastKnownFileType = text.plist.xml; path = Info.plist; sourceTree = "<group>"; };
/* End PBXFileReference section */

/* Begin PBXFrameworksBuildPhase section */
		BF6097A61F874AA500C23BFB /* Frameworks */ = {
			isa = PBXFrameworksBuildPhase;
			buildActionMask = 2147483647;
			files = (
			);
			runOnlyForDeploymentPostprocessing = 0;
		};
		BF6097BA1F874AA500C23BFB /* Frameworks */ = {
			isa = PBXFrameworksBuildPhase;
			buildActionMask = 2147483647;
			files = (
			);
			runOnlyForDeploymentPostprocessing = 0;
		};
		BF6097C51F874AA500C23BFB /* Frameworks */ = {
			isa = PBXFrameworksBuildPhase;
			buildActionMask = 2147483647;
			files = (
			);
			runOnlyForDeploymentPostprocessing = 0;
		};
/* End PBXFrameworksBuildPhase section */

/* Begin PBXGroup section */
		BF6097A01F874AA500C23BFB = {
			isa = PBXGroup;
			children = (
				BF6097AB1F874AA500C23BFB /* VacantApp2.0 */,
				BF6097C01F874AA500C23BFB /* VacantApp2.0Tests */,
				BF6097CB1F874AA500C23BFB /* VacantApp2.0UITests */,
				BF6097AA1F874AA500C23BFB /* Products */,
			);
			sourceTree = "<group>";
		};
		BF6097AA1F874AA500C23BFB /* Products */ = {
			isa = PBXGroup;
			children = (
				BF6097A91F874AA500C23BFB /* VacantApp2.0.app */,
				BF6097BD1F874AA500C23BFB /* VacantApp2.0Tests.xctest */,
				BF6097C81F874AA500C23BFB /* VacantApp2.0UITests.xctest */,
			);
			name = Products;
			sourceTree = "<group>";
		};
		BF6097AB1F874AA500C23BFB /* VacantApp2.0 */ = {
			isa = PBXGroup;
			children = (
				BF6097AC1F874AA500C23BFB /* AppDelegate.swift */,
				BF6097AE1F874AA500C23BFB /* ViewController.swift */,
				BF6097B01F874AA500C23BFB /* Main.storyboard */,
				BF6097B31F874AA500C23BFB /* Assets.xcassets */,
				BF6097B51F874AA500C23BFB /* LaunchScreen.storyboard */,
				BF6097B81F874AA500C23BFB /* Info.plist */,
			);
			path = VacantApp2.0;
			sourceTree = "<group>";
		};
		BF6097C01F874AA500C23BFB /* VacantApp2.0Tests */ = {
			isa = PBXGroup;
			children = (
				BF6097C11F874AA500C23BFB /* VacantApp2_0Tests.swift */,
				BF6097C31F874AA500C23BFB /* Info.plist */,
			);
			path = VacantApp2.0Tests;
			sourceTree = "<group>";
		};
		BF6097CB1F874AA500C23BFB /* VacantApp2.0UITests */ = {
			isa = PBXGroup;
			children = (
				BF6097CC1F874AA500C23BFB /* VacantApp2_0UITests.swift */,
				BF6097CE1F874AA500C23BFB /* Info.plist */,
			);
			path = VacantApp2.0UITests;
			sourceTree = "<group>";
		};
/* End PBXGroup section */

/* Begin PBXNativeTarget section */
		BF6097A81F874AA500C23BFB /* VacantApp2.0 */ = {
			isa = PBXNativeTarget;
			buildConfigurationList = BF6097D11F874AA500C23BFB /* Build configuration list for PBXNativeTarget "VacantApp2.0" */;
			buildPhases = (
				BF6097A51F874AA500C23BFB /* Sources */,
				BF6097A61F874AA500C23BFB /* Frameworks */,
				BF6097A71F874AA500C23BFB /* Resources */,
			);
			buildRules = (
			);
			dependencies = (
			);
			name = VacantApp2.0;
			productName = VacantApp2.0;
			productReference = BF6097A91F874AA500C23BFB /* VacantApp2.0.app */;
			productType = "com.apple.product-type.application";
		};
		BF6097BC1F874AA500C23BFB /* VacantApp2.0Tests */ = {
			isa = PBXNativeTarget;
			buildConfigurationList = BF6097D41F874AA500C23BFB /* Build configuration list for PBXNativeTarget "VacantApp2.0Tests" */;
			buildPhases = (
				BF6097B91F874AA500C23BFB /* Sources */,
				BF6097BA1F874AA500C23BFB /* Frameworks */,
				BF6097BB1F874AA500C23BFB /* Resources */,
			);
			buildRules = (
			);
			dependencies = (
				BF6097BF1F874AA500C23BFB /* PBXTargetDependency */,
			);
			name = VacantApp2.0Tests;
			productName = VacantApp2.0Tests;
			productReference = BF6097BD1F874AA500C23BFB /* VacantApp2.0Tests.xctest */;
			productType = "com.apple.product-type.bundle.unit-test";
		};
		BF6097C71F874AA500C23BFB /* VacantApp2.0UITests */ = {
			isa = PBXNativeTarget;
			buildConfigurationList = BF6097D71F874AA500C23BFB /* Build configuration list for PBXNativeTarget "VacantApp2.0UITests" */;
			buildPhases = (
				BF6097C41F874AA500C23BFB /* Sources */,
				BF6097C51F874AA500C23BFB /* Frameworks */,
				BF6097C61F874AA500C23BFB /* Resources */,
			);
			buildRules = (
			);
			dependencies = (
				BF6097CA1F874AA500C23BFB /* PBXTargetDependency */,
			);
			name = VacantApp2.0UITests;
			productName = VacantApp2.0UITests;
			productReference = BF6097C81F874AA500C23BFB /* VacantApp2.0UITests.xctest */;
			productType = "com.apple.product-type.bundle.ui-testing";
		};
/* End PBXNativeTarget section */

/* Begin PBXProject section */
		BF6097A11F874AA500C23BFB /* Project object */ = {
			isa = PBXProject;
			attributes = {
				LastSwiftUpdateCheck = 0900;
				LastUpgradeCheck = 0900;
				ORGANIZATIONNAME = "Kyle Nakamura";
				TargetAttributes = {
					BF6097A81F874AA500C23BFB = {
						CreatedOnToolsVersion = 9.0;
						ProvisioningStyle = Automatic;
					};
					BF6097BC1F874AA500C23BFB = {
						CreatedOnToolsVersion = 9.0;
						ProvisioningStyle = Automatic;
						TestTargetID = BF6097A81F874AA500C23BFB;
					};
					BF6097C71F874AA500C23BFB = {
						CreatedOnToolsVersion = 9.0;
						ProvisioningStyle = Automatic;
						TestTargetID = BF6097A81F874AA500C23BFB;
					};
				};
			};
			buildConfigurationList = BF6097A41F874AA500C23BFB /* Build configuration list for PBXProject "VacantApp2.0" */;
			compatibilityVersion = "Xcode 8.0";
			developmentRegion = en;
			hasScannedForEncodings = 0;
			knownRegions = (
				en,
				Base,
			);
			mainGroup = BF6097A01F874AA500C23BFB;
			productRefGroup = BF6097AA1F874AA500C23BFB /* Products */;
			projectDirPath = "";
			projectRoot = "";
			targets = (
				BF6097A81F874AA500C23BFB /* VacantApp2.0 */,
				BF6097BC1F874AA500C23BFB /* VacantApp2.0Tests */,
				BF6097C71F874AA500C23BFB /* VacantApp2.0UITests */,
			);
		};
/* End PBXProject section */

/* Begin PBXResourcesBuildPhase section */
		BF6097A71F874AA500C23BFB /* Resources */ = {
			isa = PBXResourcesBuildPhase;
			buildActionMask = 2147483647;
			files = (
				BF6097B71F874AA500C23BFB /* LaunchScreen.storyboard in Resources */,
				BF6097B41F874AA500C23BFB /* Assets.xcassets in Resources */,
				BF6097B21F874AA500C23BFB /* Main.storyboard in Resources */,
			);
			runOnlyForDeploymentPostprocessing = 0;
		};
		BF6097BB1F874AA500C23BFB /* Resources */ = {
			isa = PBXResourcesBuildPhase;
			buildActionMask = 2147483647;
			files = (
			);
			runOnlyForDeploymentPostprocessing = 0;
		};
		BF6097C61F874AA500C23BFB /* Resources */ = {
			isa = PBXResourcesBuildPhase;
			buildActionMask = 2147483647;
			files = (
			);
			runOnlyForDeploymentPostprocessing = 0;
		};
/* End PBXResourcesBuildPhase section */

/* Begin PBXSourcesBuildPhase section */
		BF6097A51F874AA500C23BFB /* Sources */ = {
			isa = PBXSourcesBuildPhase;
			buildActionMask = 2147483647;
			files = (
				BF6097AF1F874AA500C23BFB /* ViewController.swift in Sources */,
				BF6097AD1F874AA500C23BFB /* AppDelegate.swift in Sources */,
			);
			runOnlyForDeploymentPostprocessing = 0;
		};
		BF6097B91F874AA500C23BFB /* Sources */ = {
			isa = PBXSourcesBuildPhase;
			buildActionMask = 2147483647;
			files = (
				BF6097C21F874AA500C23BFB /* VacantApp2_0Tests.swift in Sources */,
			);
			runOnlyForDeploymentPostprocessing = 0;
		};
		BF6097C41F874AA500C23BFB /* Sources */ = {
			isa = PBXSourcesBuildPhase;
			buildActionMask = 2147483647;
			files = (
				BF6097CD1F874AA500C23BFB /* VacantApp2_0UITests.swift in Sources */,
			);
			runOnlyForDeploymentPostprocessing = 0;
		};
/* End PBXSourcesBuildPhase section */

/* Begin PBXTargetDependency section */
		BF6097BF1F874AA500C23BFB /* PBXTargetDependency */ = {
			isa = PBXTargetDependency;
			target = BF6097A81F874AA500C23BFB /* VacantApp2.0 */;
			targetProxy = BF6097BE1F874AA500C23BFB /* PBXContainerItemProxy */;
		};
		BF6097CA1F874AA500C23BFB /* PBXTargetDependency */ = {
			isa = PBXTargetDependency;
			target = BF6097A81F874AA500C23BFB /* VacantApp2.0 */;
			targetProxy = BF6097C91F874AA500C23BFB /* PBXContainerItemProxy */;
		};
/* End PBXTargetDependency section */

/* Begin PBXVariantGroup section */
		BF6097B01F874AA500C23BFB /* Main.storyboard */ = {
			isa = PBXVariantGroup;
			children = (
				BF6097B11F874AA500C23BFB /* Base */,
			);
			name = Main.storyboard;
			sourceTree = "<group>";
		};
		BF6097B51F874AA500C23BFB /* LaunchScreen.storyboard */ = {
			isa = PBXVariantGroup;
			children = (
				BF6097B61F874AA500C23BFB /* Base */,
			);
			name = LaunchScreen.storyboard;
			sourceTree = "<group>";
		};
/* End PBXVariantGroup section */

/* Begin XCBuildConfiguration section */
		BF6097CF1F874AA500C23BFB /* Debug */ = {
			isa = XCBuildConfiguration;
			buildSettings = {
				ALWAYS_SEARCH_USER_PATHS = NO;
				CLANG_ANALYZER_NONNULL = YES;
				CLANG_ANALYZER_NUMBER_OBJECT_CONVERSION = YES_AGGRESSIVE;
				CLANG_CXX_LANGUAGE_STANDARD = "gnu++14";
				CLANG_CXX_LIBRARY = "libc++";
				CLANG_ENABLE_MODULES = YES;
				CLANG_ENABLE_OBJC_ARC = YES;
				CLANG_WARN_BLOCK_CAPTURE_AUTORELEASING = YES;
				CLANG_WARN_BOOL_CONVERSION = YES;
				CLANG_WARN_COMMA = YES;
				CLANG_WARN_CONSTANT_CONVERSION = YES;
				CLANG_WARN_DIRECT_OBJC_ISA_USAGE = YES_ERROR;
				CLANG_WARN_DOCUMENTATION_COMMENTS = YES;
				CLANG_WARN_EMPTY_BODY = YES;
				CLANG_WARN_ENUM_CONVERSION = YES;
				CLANG_WARN_INFINITE_RECURSION = YES;
				CLANG_WARN_INT_CONVERSION = YES;
				CLANG_WARN_NON_LITERAL_NULL_CONVERSION = YES;
				CLANG_WARN_OBJC_LITERAL_CONVERSION = YES;
				CLANG_WARN_OBJC_ROOT_CLASS = YES_ERROR;
				CLANG_WARN_RANGE_LOOP_ANALYSIS = YES;
				CLANG_WARN_STRICT_PROTOTYPES = YES;
				CLANG_WARN_SUSPICIOUS_MOVE = YES;
				CLANG_WARN_UNGUARDED_AVAILABILITY = YES_AGGRESSIVE;
				CLANG_WARN_UNREACHABLE_CODE = YES;
				CLANG_WARN__DUPLICATE_METHOD_MATCH = YES;
				CODE_SIGN_IDENTITY = "iPhone Developer";
				COPY_PHASE_STRIP = NO;
				DEBUG_INFORMATION_FORMAT = dwarf;
				ENABLE_STRICT_OBJC_MSGSEND = YES;
				ENABLE_TESTABILITY = YES;
				GCC_C_LANGUAGE_STANDARD = gnu11;
				GCC_DYNAMIC_NO_PIC = NO;
				GCC_NO_COMMON_BLOCKS = YES;
				GCC_OPTIMIZATION_LEVEL = 0;
				GCC_PREPROCESSOR_DEFINITIONS = (
					"DEBUG=1",
					"$(inherited)",
				);
				GCC_WARN_64_TO_32_BIT_CONVERSION = YES;
				GCC_WARN_ABOUT_RETURN_TYPE = YES_ERROR;
				GCC_WARN_UNDECLARED_SELECTOR = YES;
				GCC_WARN_UNINITIALIZED_AUTOS = YES_AGGRESSIVE;
				GCC_WARN_UNUSED_FUNCTION = YES;
				GCC_WARN_UNUSED_VARIABLE = YES;
				IPHONEOS_DEPLOYMENT_TARGET = 11.0;
				MTL_ENABLE_DEBUG_INFO = YES;
				ONLY_ACTIVE_ARCH = YES;
				SDKROOT = iphoneos;
				SWIFT_ACTIVE_COMPILATION_CONDITIONS = DEBUG;
				SWIFT_OPTIMIZATION_LEVEL = "-Onone";
			};
			name = Debug;
		};
		BF6097D01F874AA500C23BFB /* Release */ = {
			isa = XCBuildConfiguration;
			buildSettings = {
				ALWAYS_SEARCH_USER_PATHS = NO;
				CLANG_ANALYZER_NONNULL = YES;
				CLANG_ANALYZER_NUMBER_OBJECT_CONVERSION = YES_AGGRESSIVE;
				CLANG_CXX_LANGUAGE_STANDARD = "gnu++14";
				CLANG_CXX_LIBRARY = "libc++";
				CLANG_ENABLE_MODULES = YES;
				CLANG_ENABLE_OBJC_ARC = YES;
				CLANG_WARN_BLOCK_CAPTURE_AUTORELEASING = YES;
				CLANG_WARN_BOOL_CONVERSION = YES;
				CLANG_WARN_COMMA = YES;
				CLANG_WARN_CONSTANT_CONVERSION = YES;
				CLANG_WARN_DIRECT_OBJC_ISA_USAGE = YES_ERROR;
				CLANG_WARN_DOCUMENTATION_COMMENTS = YES;
				CLANG_WARN_EMPTY_BODY = YES;
				CLANG_WARN_ENUM_CONVERSION = YES;
				CLANG_WARN_INFINITE_RECURSION = YES;
				CLANG_WARN_INT_CONVERSION = YES;
				CLANG_WARN_NON_LITERAL_NULL_CONVERSION = YES;
				CLANG_WARN_OBJC_LITERAL_CONVERSION = YES;
				CLANG_WARN_OBJC_ROOT_CLASS = YES_ERROR;
				CLANG_WARN_RANGE_LOOP_ANALYSIS = YES;
				CLANG_WARN_STRICT_PROTOTYPES = YES;
				CLANG_WARN_SUSPICIOUS_MOVE = YES;
				CLANG_WARN_UNGUARDED_AVAILABILITY = YES_AGGRESSIVE;
				CLANG_WARN_UNREACHABLE_CODE = YES;
				CLANG_WARN__DUPLICATE_METHOD_MATCH = YES;
				CODE_SIGN_IDENTITY = "iPhone Developer";
				COPY_PHASE_STRIP = NO;
				DEBUG_INFORMATION_FORMAT = "dwarf-with-dsym";
				ENABLE_NS_ASSERTIONS = NO;
				ENABLE_STRICT_OBJC_MSGSEND = YES;
				GCC_C_LANGUAGE_STANDARD = gnu11;
				GCC_NO_COMMON_BLOCKS = YES;
				GCC_WARN_64_TO_32_BIT_CONVERSION = YES;
				GCC_WARN_ABOUT_RETURN_TYPE = YES_ERROR;
				GCC_WARN_UNDECLARED_SELECTOR = YES;
				GCC_WARN_UNINITIALIZED_AUTOS = YES_AGGRESSIVE;
				GCC_WARN_UNUSED_FUNCTION = YES;
				GCC_WARN_UNUSED_VARIABLE = YES;
				IPHONEOS_DEPLOYMENT_TARGET = 11.0;
				MTL_ENABLE_DEBUG_INFO = NO;
				SDKROOT = iphoneos;
				SWIFT_OPTIMIZATION_LEVEL = "-Owholemodule";
				VALIDATE_PRODUCT = YES;
			};
			name = Release;
		};
		BF6097D21F874AA500C23BFB /* Debug */ = {
			isa = XCBuildConfiguration;
			buildSettings = {
				ASSETCATALOG_COMPILER_APPICON_NAME = AppIcon;
				CODE_SIGN_STYLE = Automatic;
				INFOPLIST_FILE = VacantApp2.0/Info.plist;
				LD_RUNPATH_SEARCH_PATHS = "$(inherited) @executable_path/Frameworks";
				PRODUCT_BUNDLE_IDENTIFIER = "com.kylenakamura.VacantApp2-0";
				PRODUCT_NAME = "$(TARGET_NAME)";
				SWIFT_VERSION = 4.0;
				TARGETED_DEVICE_FAMILY = "1,2";
			};
			name = Debug;
		};
		BF6097D31F874AA500C23BFB /* Release */ = {
			isa = XCBuildConfiguration;
			buildSettings = {
				ASSETCATALOG_COMPILER_APPICON_NAME = AppIcon;
				CODE_SIGN_STYLE = Automatic;
				INFOPLIST_FILE = VacantApp2.0/Info.plist;
				LD_RUNPATH_SEARCH_PATHS = "$(inherited) @executable_path/Frameworks";
				PRODUCT_BUNDLE_IDENTIFIER = "com.kylenakamura.VacantApp2-0";
				PRODUCT_NAME = "$(TARGET_NAME)";
				SWIFT_VERSION = 4.0;
				TARGETED_DEVICE_FAMILY = "1,2";
			};
			name = Release;
		};
		BF6097D51F874AA500C23BFB /* Debug */ = {
			isa = XCBuildConfiguration;
			buildSettings = {
				ALWAYS_EMBED_SWIFT_STANDARD_LIBRARIES = YES;
				BUNDLE_LOADER = "$(TEST_HOST)";
				CODE_SIGN_STYLE = Automatic;
				INFOPLIST_FILE = VacantApp2.0Tests/Info.plist;
				LD_RUNPATH_SEARCH_PATHS = "$(inherited) @executable_path/Frameworks @loader_path/Frameworks";
				PRODUCT_BUNDLE_IDENTIFIER = "com.kylenakamura.VacantApp2-0Tests";
				PRODUCT_NAME = "$(TARGET_NAME)";
				SWIFT_VERSION = 4.0;
				TARGETED_DEVICE_FAMILY = "1,2";
				TEST_HOST = "$(BUILT_PRODUCTS_DIR)/VacantApp2.0.app/VacantApp2.0";
			};
			name = Debug;
		};
		BF6097D61F874AA500C23BFB /* Release */ = {
			isa = XCBuildConfiguration;
			buildSettings = {
				ALWAYS_EMBED_SWIFT_STANDARD_LIBRARIES = YES;
				BUNDLE_LOADER = "$(TEST_HOST)";
				CODE_SIGN_STYLE = Automatic;
				INFOPLIST_FILE = VacantApp2.0Tests/Info.plist;
				LD_RUNPATH_SEARCH_PATHS = "$(inherited) @executable_path/Frameworks @loader_path/Frameworks";
				PRODUCT_BUNDLE_IDENTIFIER = "com.kylenakamura.VacantApp2-0Tests";
				PRODUCT_NAME = "$(TARGET_NAME)";
				SWIFT_VERSION = 4.0;
				TARGETED_DEVICE_FAMILY = "1,2";
				TEST_HOST = "$(BUILT_PRODUCTS_DIR)/VacantApp2.0.app/VacantApp2.0";
			};
			name = Release;
		};
		BF6097D81F874AA500C23BFB /* Debug */ = {
			isa = XCBuildConfiguration;
			buildSettings = {
				ALWAYS_EMBED_SWIFT_STANDARD_LIBRARIES = YES;
				CODE_SIGN_STYLE = Automatic;
				INFOPLIST_FILE = VacantApp2.0UITests/Info.plist;
				LD_RUNPATH_SEARCH_PATHS = "$(inherited) @executable_path/Frameworks @loader_path/Frameworks";
				PRODUCT_BUNDLE_IDENTIFIER = "com.kylenakamura.VacantApp2-0UITests";
				PRODUCT_NAME = "$(TARGET_NAME)";
				SWIFT_VERSION = 4.0;
				TARGETED_DEVICE_FAMILY = "1,2";
				TEST_TARGET_NAME = VacantApp2.0;
			};
			name = Debug;
		};
		BF6097D91F874AA500C23BFB /* Release */ = {
			isa = XCBuildConfiguration;
			buildSettings = {
				ALWAYS_EMBED_SWIFT_STANDARD_LIBRARIES = YES;
				CODE_SIGN_STYLE = Automatic;
				INFOPLIST_FILE = VacantApp2.0UITests/Info.plist;
				LD_RUNPATH_SEARCH_PATHS = "$(inherited) @executable_path/Frameworks @loader_path/Frameworks";
				PRODUCT_BUNDLE_IDENTIFIER = "com.kylenakamura.VacantApp2-0UITests";
				PRODUCT_NAME = "$(TARGET_NAME)";
				SWIFT_VERSION = 4.0;
				TARGETED_DEVICE_FAMILY = "1,2";
				TEST_TARGET_NAME = VacantApp2.0;
			};
			name = Release;
		};
/* End XCBuildConfiguration section */

/* Begin XCConfigurationList section */
		BF6097A41F874AA500C23BFB /* Build configuration list for PBXProject "VacantApp2.0" */ = {
			isa = XCConfigurationList;
			buildConfigurations = (
				BF6097CF1F874AA500C23BFB /* Debug */,
				BF6097D01F874AA500C23BFB /* Release */,
			);
			defaultConfigurationIsVisible = 0;
			defaultConfigurationName = Release;
		};
		BF6097D11F874AA500C23BFB /* Build configuration list for PBXNativeTarget "VacantApp2.0" */ = {
			isa = XCConfigurationList;
			buildConfigurations = (
				BF6097D21F874AA500C23BFB /* Debug */,
				BF6097D31F874AA500C23BFB /* Release */,
			);
			defaultConfigurationIsVisible = 0;
			defaultConfigurationName = Release;
		};
		BF6097D41F874AA500C23BFB /* Build configuration list for PBXNativeTarget "VacantApp2.0Tests" */ = {
			isa = XCConfigurationList;
			buildConfigurations = (
				BF6097D51F874AA500C23BFB /* Debug */,
				BF6097D61F874AA500C23BFB /* Release */,
			);
			defaultConfigurationIsVisible = 0;
			defaultConfigurationName = Release;
		};
		BF6097D71F874AA500C23BFB /* Build configuration list for PBXNativeTarget "VacantApp2.0UITests" */ = {
			isa = XCConfigurationList;
			buildConfigurations = (
				BF6097D81F874AA500C23BFB /* Debug */,
				BF6097D91F874AA500C23BFB /* Release */,
			);
			defaultConfigurationIsVisible = 0;
			defaultConfigurationName = Release;
		};
/* End XCConfigurationList section */
	};
	rootObject = BF6097A11F874AA500C23BFB /* Project object */;
}
